github.com/Showmax/go-fqdn v0.0.0-20180501083314-6f60894d629f h1:JqQetNUOVIen9o9K9c+BHgYePFGXQmedq/A6F58Xu+w=
github.com/Showmax/go-fqdn v0.0.0-20180501083314-6f60894d629f/go.mod h1:nxfWvpOWKx1oAU7G3U8UYWL/iY6EKdjjv1w/S8HDsvg=
github.com/alexbrainman/odbc v0.0.0-20190102080306-cf37ce290779 h1:njXFG+U50CJ0TVhuUqJIhYhhqEFWjyBV/EWht/khJdI=
github.com/alexbrainman/odbc v0.0.0-20190102080306-cf37ce290779/go.mod h1:WEQLoRNIjBhywJqaxe0olilzzBDABc5EVeETiprzR00=
github.com/allan-simon/go-singleinstance v0.0.0-20160830203053-79edcfdc2dfc h1:mZca0/HZ/XWXP9txkfdl2GH6mUzBqAlyJz3u5Lg8fuA=
github.com/allan-simon/go-singleinstance v0.0.0-20160830203053-79edcfdc2dfc/go.mod h1:qqsTQiwdyqxU05iDCsi0oN3P4nrVxAmn8xCtODDSf/U=
github.com/benbjohnson/clock v1.0.0 h1:78Jk/r6m4wCi6sndMpty7A//t4dw/RW5fV4ZgDVfX1w=
github.com/benbjohnson/clock v1.0.0/go.mod h1:bGMdMPoPVvcYyt1gHDf4J2KE153Yf9BuiUKYMaxlTDM=
github.com/benbjohnson/clock v1.0.3 h1:vkLuvpK4fmtSCuo60+yC63p7y0BmQ8gm5ZXGuBCJyXg=
github.com/benbjohnson/clock v1.0.3/go.mod h1:bGMdMPoPVvcYyt1gHDf4J2KE153Yf9BuiUKYMaxlTDM=
github.com/billgraziano/mssqlodbc v0.0.0-20191217130057-34fa9fa48813 h1:9JyB1eYVzDy/kjRRhxt8CikZ4xzlQAej2mpFChMqf98=
github.com/billgraziano/mssqlodbc v0.0.0-20191217130057-34fa9fa48813/go.mod h1:C0NaVHQLnsJvHIv7Oe1NXQEoa7D7wypYe0F4h5EbKRA=
github.com/billgraziano/toml v0.0.0-20180511235737-bae4b1adb8fa h1:56b6q2OYwqvHCZuUyJ6tON0WIDEsrTLS06BUmTXedOA=
github.com/billgraziano/toml v0.0.0-20180511235737-bae4b1adb8fa/go.mod h1:Il3cv31KlDNX91RemB8FU9l1kuHwYe2laq7XUPJx7ww=
github.com/cenkalti/backoff v2.2.1+incompatible h1:tNowT99t7UNflLxfYYSlKYsBpXdEet03Pg2g16Swow4=
github.com/cenkalti/backoff v2.2.1+incompatible/go.mod h1:90ReRw6GdpyfrHakVjL/QHaoyV4aDUVVkXQJJJ3NXXM=
github.com/davecgh/go-spew v1.1.0/go.mod h1:J7Y8YcW2NihsgmVo/mv3lAwl/skON4iLHjSsI+c5H38=
github.com/davecgh/go-spew v1.1.1 h1:vj9j/u1bqnvCEfJOwUhtlOARqs3+rkHYY13jYWTU97c=
github.com/davecgh/go-spew v1.1.1/go.mod h1:J7Y8YcW2NihsgmVo/mv3lAwl/skON4iLHjSsI+c5H38=
github.com/dustin/go-humanize v1.0.0 h1:VSnTsYCnlFHaM2/igO1h6X3HA71jcobQuxemgkq4zYo=
github.com/dustin/go-humanize v1.0.0/go.mod h1:HtrtbFcZ19U5GC7JDqmcUSB87Iq5E25KnS6fMYU6eOk=
github.com/elastic/go-elasticsearch/v7 v7.4.1 h1:Kd/cwKNF5+tABpJ0t39Aucvb5QtYc8RAzy4nwVn1NnM=
github.com/elastic/go-elasticsearch/v7 v7.4.1/go.mod h1:OJ4wdbtDNk5g503kvlHLyErCgQwwzmDtaFC4XyOxXA4=
github.com/fsnotify/fsnotify v1.4.9 h1:hsms1Qyu0jgnwNXIxa+/V/PDsU6CfLf6CNO8H7IWoS4=
github.com/fsnotify/fsnotify v1.4.9/go.mod h1:znqG4EE+3YCdAaPaxE2ZRY/06pZUdp0tY4IgpuI1SZQ=
github.com/go-ole/go-ole v1.2.4 h1:nNBDSCOigTSiarFpYE9J/KtEA1IOW4CNeqT9TQDqCxI=
github.com/go-ole/go-ole v1.2.4/go.mod h1:XCwSNxSkXRo4vlyPy93sltvi/qJq0jqQhjqQNIwKuxM=
github.com/jessevdk/go-flags v0.0.0-20180331124232-1c38ed7ad0cc h1:0L2sGkaj6MWuV1BfXsrLJ/+XA8RzKKVsYlLVXNkK1Lw=
github.com/jessevdk/go-flags v0.0.0-20180331124232-1c38ed7ad0cc/go.mod h1:4FA24M0QyGHXBuZZK/XkWh8h0e1EYbRYJSGM75WSRxI=
github.com/kardianos/service v1.0.0 h1:HgQS3mFfOlyntWX8Oke98JcJLqt1DBcHR4kxShpYef0=
github.com/kardianos/service v1.0.0/go.mod h1:8CzDhVuCuugtsHyZoTvsOBuvonN/UDBvl0kH+BUxvbo=
github.com/kardianos/service v1.1.0 h1:QV2SiEeWK42P0aEmGcsAgjApw/lRxkwopvT+Gu6t1/0=
github.com/kardianos/service v1.1.0/go.mod h1:RrJI2xn5vve/r32U5suTbeaSGoMU6GbNPoj36CVYcHc=
github.com/konsorten/go-windows-terminal-sequences v1.0.1 h1:mweAR1A6xJ3oS2pRaGiHgQ4OO8tzTaLawm8vnODuwDk=
github.com/konsorten/go-windows-terminal-sequences v1.0.1/go.mod h1:T0+1ngSBFLxvqU3pZ+m/2kptfBszLMUkC4ZK/EgS/cQ=
github.com/kr/pretty v0.1.0 h1:L/CwN0zerZDmRFUapSPitk6f+Q3+0za1rQkzVuMiMFI=
github.com/kr/pretty v0.1.0/go.mod h1:dAy3ld7l9f0ibDNOQOHHMYYIIbhfbHSm3C4ZsoJORNo=
github.com/kr/pretty v0.2.0 h1:s5hAObm+yFO5uHYt5dYjxi2rXrsnmRpJx4OYvIWUaQs=
github.com/kr/pretty v0.2.0/go.mod h1:ipq/a2n7PKx3OHsz4KJII5eveXtPO4qwEXGdVfWzfnI=
github.com/kr/pty v1.1.1/go.mod h1:pFQYn66WHrOpPYNljwOMqo10TkYh1fy3cYio2l3bCsQ=
github.com/kr/text v0.1.0 h1:45sCR5RtlFHMR4UwH9sdQ5TC8v0qDQCHnXt+kaKSTVE=
github.com/kr/text v0.1.0/go.mod h1:4Jbv+DJW3UT/LiOwJeYQe1efqtUx/iVham/4vfdArNI=
github.com/lestrrat-go/backoff v1.0.0 h1:nR+UgAhdhwfw2i+xznuHRlj81oMYa7u3lXun0xcsXUU=
github.com/lestrrat-go/backoff v1.0.0/go.mod h1:c7OnDlnHsFXbH1vyIS8+txH+THcc+QFlSQTrJVe4EIM=
github.com/mattheath/base62 v0.0.0-20150408093626-b80cdc656a7a h1:rnrxZue85aKdMU4nJ50GgKA31lCaVbft+7Xl8OXj55U=
github.com/mattheath/base62 v0.0.0-20150408093626-b80cdc656a7a/go.mod h1:hJJYoBMTZIONmUEpX3+9v2057zuRM0n3n77U4Ob4wE4=
github.com/pkg/errors v0.8.1 h1:iURUrRGxPUNPdy5/HRSm+Yj6okJ6UtLINN0Q9M4+h3I=
github.com/pkg/errors v0.8.1/go.mod h1:bwawxfHBFNV+L2hUp1rHADufV3IMtnDRdf1r5NINEl0=
github.com/pmezard/go-difflib v1.0.0 h1:4DBwDE0NGyQoBHbLQYPwSUPoCMWR5BEzIk/f1lZbAQM=
github.com/pmezard/go-difflib v1.0.0/go.mod h1:iKH77koFhYxTK1pcRnkKkqfTogsbg7gZNVY4sRDYZ/4=
github.com/shiena/ansicolor v0.0.0-20151119151921-a422bbe96644 h1:X+yvsM2yrEktyI+b2qND5gpH8YhURn0k8OCaeRnkINo=
github.com/shiena/ansicolor v0.0.0-20151119151921-a422bbe96644/go.mod h1:nkxAfR/5quYxwPZhyDxgasBMnRtBZd0FCEpawpjMUFg=
github.com/sirupsen/logrus v1.4.2 h1:SPIRibHv4MatM3XXNO2BJeFLZwZ2LvZgfQ5+UNI2im4=
github.com/sirupsen/logrus v1.4.2/go.mod h1:tLMulIdttU9McNUspp0xgXVQah82FyeX6MwdIuYE2rE=
github.com/spf13/afero v1.1.2 h1:m8/z1t7/fwjysjQRYbP0RD+bUIF/8tJwPdEZsI83ACI=
github.com/spf13/afero v1.1.2/go.mod h1:j4pytiNVoe2o6bmDsKpLACNPDBIoEAkihy7loJ1B0CQ=
github.com/stretchr/objx v0.1.0/go.mod h1:HFkY916IF+rwdDfMAkV7OtwuqBVzrE8GR6GFx+wExME=
github.com/stretchr/objx v0.1.1/go.mod h1:HFkY916IF+rwdDfMAkV7OtwuqBVzrE8GR6GFx+wExME=
github.com/stretchr/testify v1.2.2 h1:bSDNvY7ZPG5RlJ8otE/7V6gMiyenm9RtJ7IUVIAoJ1w=
github.com/stretchr/testify v1.2.2/go.mod h1:a8OnRcib4nhh0OaRAV+Yts87kKdq0PP7pXfy6kDkUVs=
github.com/stretchr/testify v1.4.0 h1:2E4SXV/wtOkTonXsotYi4li6zVWxYlZuYNCXe9XRJyk=
github.com/stretchr/testify v1.4.0/go.mod h1:j7eGeouHqKxXV5pUuKE4zz7dFj8WfuZ+81PSLYec5m4=
github.com/tidwall/gjson v1.3.5 h1:2oW9FBNu8qt9jy5URgrzsVx/T/KSn3qn/smJQ0crlDQ=
github.com/tidwall/gjson v1.3.5/go.mod h1:P256ACg0Mn+j1RXIDXoss50DeIABTYK1PULOJHhxOls=
github.com/tidwall/match v1.0.1 h1:PnKP62LPNxHKTwvHHZZzdOAOCtsJTjo6dZLCwpKm5xc=
github.com/tidwall/match v1.0.1/go.mod h1:LujAq0jyVjBy028G1WhWfIzbpQfMO8bBZ6Tyb0+pL9E=
github.com/tidwall/pretty v1.0.0 h1:HsD+QiTn7sK6flMKIvNmpqz1qrpP3Ps6jOKIKMooyg4=
github.com/tidwall/pretty v1.0.0/go.mod h1:XNkn88O1ChpSDQmQeStsy+sBenx6DDtFZJxhVysOjyk=
github.com/tidwall/sjson v1.0.4 h1:UcdIRXff12Lpnu3OLtZvnc03g4vH2suXDXhBwBqmzYg=
github.com/tidwall/sjson v1.0.4/go.mod h1:bURseu1nuBkFpIES5cz6zBtjmYeOQmEESshn7VpF15Y=
golang.org/x/sys v0.0.0-20181011152604-fa43e7bc11ba/go.mod h1:STP8DvDyc/dI5b8T5hshtkjS+E42TnysNCUPdjciGhY=
golang.org/x/sys v0.0.0-20190204203706-41f3e6584952/go.mod h1:STP8DvDyc/dI5b8T5hshtkjS+E42TnysNCUPdjciGhY=
golang.org/x/sys v0.0.0-20190422165155-953cdadca894/go.mod h1:h1NjWce9XRLGQEsW7wpKNCjG9DtNlClVuFLEZdDNbEs=
golang.org/x/sys v0.0.0-20191005200804-aed5e4c7ecf9/go.mod h1:h1NjWce9XRLGQEsW7wpKNCjG9DtNlClVuFLEZdDNbEs=
golang.org/x/sys v0.0.0-20191210023423-ac6580df4449 h1:gSbV7h1NRL2G1xTg/owz62CST1oJBmxy4QpMMregXVQ=
golang.org/x/sys v0.0.0-20191210023423-ac6580df4449/go.mod h1:h1NjWce9XRLGQEsW7wpKNCjG9DtNlClVuFLEZdDNbEs=
golang.org/x/text v0.3.0 h1:g61tztE5qeGQ89tm6NTjjM9VPIm088od1l6aSorWRWg=
golang.org/x/text v0.3.0/go.mod h1:NqM8EUOU14njkJ3fqMW+pc6Ldnwhi/IjpwHt7yyuwOQ=
gopkg.in/check.v1 v0.0.0-20161208181325-20d25e280405 h1:yhCVgyC4o1eVCa2tZl7eS0r+SDo693bJlVdllGtEeKM=
gopkg.in/check.v1 v0.0.0-20161208181325-20d25e280405/go.mod h1:Co6ibVJAznAaIkqp8huTwlJQCZ016jof/cbN4VW5Yz0=
gopkg.in/check.v1 v1.0.0-20190902080502-41f04d3bba15 h1:YR8cESwS4TdDjEe65xsg0ogRM/Nc3DYOhEAlW+xobZo=
gopkg.in/check.v1 v1.0.0-20190902080502-41f04d3bba15/go.mod h1:Co6ibVJAznAaIkqp8huTwlJQCZ016jof/cbN4VW5Yz0=
gopkg.in/yaml.v2 v2.2.2 h1:ZCJp+EgiOT7lHqUV2J862kp8Qj64Jo6az82+3Td9dZw=
gopkg.in/yaml.v2 v2.2.2/go.mod h1:hI93XBmqTisBFMUTm0b8Fm+jr3Dg1NNxqwp+5A1VGuI=
gopkg.in/yaml.v2 v2.2.5 h1:ymVxjfMaHvXD8RqPRmzHHsB3VvucivSkIAvJFDI5O3c=
gopkg.in/yaml.v2 v2.2.5/go.mod h1:hI93XBmqTisBFMUTm0b8Fm+jr3Dg1NNxqwp+5A1VGuI=
